
Microsoft Visual Studio Solution File, Format Version 12.00
# Visual Studio 15
VisualStudioVersion = 15.0.27428.2043
MinimumVisualStudioVersion = 10.0.40219.1
Project("{FAE04EC0-301F-11D3-BF4B-00C04F79EFBC}") = "GC_CoffeeLab", "GC_CoffeeLab\GC_CoffeeLab.csproj", "{A67D17E0-B3E5-431D-BB16-84CABFBC861F}"
EndProject
Global
	GlobalSection(SolutionConfigurationPlatforms) = preSolution
		Debug|Any CPU = Debug|Any CPU
		Release|Any CPU = Release|Any CPU
	EndGlobalSection
	GlobalSection(ProjectConfigurationPlatforms) = postSolution
		{A67D17E0-B3E5-431D-BB16-84CABFBC861F}.Debug|Any CPU.ActiveCfg = Debug|Any CPU
		{A67D17E0-B3E5-431D-BB16-84CABFBC861F}.Debug|Any CPU.Build.0 = Debug|Any CPU
		{A67D17E0-B3E5-431D-BB16-84CABFBC861F}.Release|Any CPU.ActiveCfg = Release|Any CPU
		{A67D17E0-B3E5-431D-BB16-84CABFBC861F}.Release|Any CPU.Build.0 = Release|Any CPU
	EndGlobalSection
	GlobalSection(SolutionProperties) = preSolution
		HideSolutionNode = FALSE
	EndGlobalSection
	GlobalSection(ExtensibilityGlobals) = postSolution
		SolutionGuid = {BF533534-9512-41BF-88F7-6A709D02A8D7}
	EndGlobalSection
EndGlobal
